{
  "nodes": {
    "flake-utils": {
      "locked": {
        "lastModified": 1634851050,
        "narHash": "sha256-N83GlSGPJJdcqhUxSCS/WwW5pksYf3VP1M13cDRTSVA=",
        "owner": "numtide",
        "repo": "flake-utils",
        "rev": "c91f3de5adaf1de973b797ef7485e441a65b8935",
        "type": "github"
      },
      "original": {
        "owner": "numtide",
        "repo": "flake-utils",
        "type": "github"
      }
    },
    "git-ignore-nix": {
      "inputs": {
        "nixpkgs": "nixpkgs"
      },
      "locked": {
        "lastModified": 1626413882,
        "narHash": "sha256-ZHw1YVsrs7rG9jPEH0ZabbbCTdnVr48FAwK6GCQPSF4=",
        "owner": "IvanMalison",
        "repo": "gitignore.nix",
        "rev": "a2ffb0bfd0145ca57d792a6f9f76f5c305ca29b7",
        "type": "github"
      },
      "original": {
        "owner": "IvanMalison",
        "ref": "master",
        "repo": "gitignore.nix",
        "type": "github"
      }
    },
    "nixpkgs": {
      "locked": {
        "lastModified": 1637069050,
        "narHash": "sha256-aHrgiXjqBFUJuDDaekwzS1QA3EX5qDCe1/upPg1Vmo0=",
        "owner": "NixOS",
        "repo": "nixpkgs",
        "rev": "b464f0573e4e67978ed00a4bbab567a9bd08fc3c",
        "type": "github"
      },
      "original": {
        "id": "nixpkgs",
        "type": "indirect"
      }
    },
    "nixpkgs_2": {
      "locked": {
        "lastModified": 1634883236,
        "narHash": "sha256-Z9ofgNzSmYVhs+STOAvk6QNy5KVsUmADOE+UIfur2ug=",
        "owner": "NixOS",
        "repo": "nixpkgs",
        "rev": "b0274abf85097e9a2da868b28a5532918dc14380",
        "type": "github"
      },
      "original": {
        "owner": "NixOS",
        "ref": "nixos-21.05",
        "repo": "nixpkgs",
        "type": "github"
      }
    },
    "root": {
      "inputs": {
        "flake-utils": "flake-utils",
        "git-ignore-nix": "git-ignore-nix",
        "nixpkgs": "nixpkgs_2"
      }
    }
  },
  "root": "root",
  "version": 7
}
